
Microsoft Visual Studio Solution File, Format Version 12.00
# Visual Studio Version 16
VisualStudioVersion = 16.0.31624.102
MinimumVisualStudioVersion = 10.0.40219.1
Project("{FAE04EC0-301F-11D3-BF4B-00C04F79EFBC}") = "Recount", "Recount.csproj", "{E3BD5DD5-3B57-43E4-A433-213EAFAC05AE}"
EndProject
Global
	GlobalSection(SolutionConfigurationPlatforms) = preSolution
		Debug|Any CPU = Debug|Any CPU
		Release|Any CPU = Release|Any CPU
	EndGlobalSection
	GlobalSection(ProjectConfigurationPlatforms) = postSolution
		{E3BD5DD5-3B57-43E4-A433-213EAFAC05AE}.Debug|Any CPU.ActiveCfg = Debug|Any CPU
		{E3BD5DD5-3B57-43E4-A433-213EAFAC05AE}.Debug|Any CPU.Build.0 = Debug|Any CPU
		{E3BD5DD5-3B57-43E4-A433-213EAFAC05AE}.Release|Any CPU.ActiveCfg = Release|Any CPU
		{E3BD5DD5-3B57-43E4-A433-213EAFAC05AE}.Release|Any CPU.Build.0 = Release|Any CPU
	EndGlobalSection
	GlobalSection(SolutionProperties) = preSolution
		HideSolutionNode = FALSE
	EndGlobalSection
	GlobalSection(ExtensibilityGlobals) = postSolution
		SolutionGuid = {08EE0602-B313-44C3-9717-611330D66927}
	EndGlobalSection
EndGlobal
